
Microsoft Visual Studio Solution File, Format Version 12.00
# Visual Studio Version 17
VisualStudioVersion = 17.3.32901.215
MinimumVisualStudioVersion = 10.0.40219.1
Project("{FAE04EC0-301F-11D3-BF4B-00C04F79EFBC}") = "Lab rab 3", "Lab rab 3\Lab rab 3.csproj", "{ACBA7E33-EA3A-4F4E-AEC6-293DE5162B39}"
EndProject
Global
	GlobalSection(SolutionConfigurationPlatforms) = preSolution
		Debug|Any CPU = Debug|Any CPU
		Release|Any CPU = Release|Any CPU
	EndGlobalSection
	GlobalSection(ProjectConfigurationPlatforms) = postSolution
		{ACBA7E33-EA3A-4F4E-AEC6-293DE5162B39}.Debug|Any CPU.ActiveCfg = Debug|Any CPU
		{ACBA7E33-EA3A-4F4E-AEC6-293DE5162B39}.Debug|Any CPU.Build.0 = Debug|Any CPU
		{ACBA7E33-EA3A-4F4E-AEC6-293DE5162B39}.Release|Any CPU.ActiveCfg = Release|Any CPU
		{ACBA7E33-EA3A-4F4E-AEC6-293DE5162B39}.Release|Any CPU.Build.0 = Release|Any CPU
	EndGlobalSection
	GlobalSection(SolutionProperties) = preSolution
		HideSolutionNode = FALSE
	EndGlobalSection
	GlobalSection(ExtensibilityGlobals) = postSolution
		SolutionGuid = {959BCA97-9F46-49D2-A9C2-45334B66F7F5}
	EndGlobalSection
EndGlobal
